<?xml version="1.0" encoding="utf-8"?>
<Project ToolsVersion="4.0" xmlns="http://schemas.microsoft.com/developer/msbuild/2003">
  <ItemGroup>
    <Filter Include="src">
      <UniqueIdentifier>{09995fa4-5f5c-4fa3-867b-a46cc60c4b40}</UniqueIdentifier>
    </Filter>
    <Filter Include="glsl">
      <UniqueIdentifier>{b7c6fc6f-5ef9-45ba-bfda-9051bbdf1a1b}</UniqueIdentifier>
    </Filter>
  </ItemGroup>
  <ItemGroup>
    <ClCompile Include="src\Main.cpp">
      <Filter>src</Filter>
    </ClCompile>
  </ItemGroup>
  <ItemGroup>
    <None Include="glsl\deferredPass.frag">
      <Filter>glsl</Filter>
    </None>
    <None Include="glsl\deferredPass.vert">
      <Filter>glsl</Filter>
    </None>
    <None Include="glsl\geometryPass.frag">
      <Filter>glsl</Filter>
    </None>
    <None Include="glsl\geometryPass.vert">
      <Filter>glsl</Filter>
    </None>
  </ItemGroup>
</Project>