<?xml version="1.0" encoding="utf-8"?>
<Project ToolsVersion="4.0" xmlns="http://schemas.microsoft.com/developer/msbuild/2003">
  <ItemGroup>
    <Filter Include="src">
      <UniqueIdentifier>{cc298703-2134-4c2d-a809-3ef07346d536}</UniqueIdentifier>
    </Filter>
    <Filter Include="glad">
      <UniqueIdentifier>{a0fbbdec-28b4-4e99-a775-71e38e4ee465}</UniqueIdentifier>
    </Filter>
    <Filter Include="glsl">
      <UniqueIdentifier>{19a510de-64e4-4cb5-b7c0-458102dc1d9b}</UniqueIdentifier>
    </Filter>
  </ItemGroup>
  <ItemGroup>
    <ClCompile Include="src\Main.cpp">
      <Filter>src</Filter>
    </ClCompile>
    <ClCompile Include="src\glad\glad.cpp">
      <Filter>glad</Filter>
    </ClCompile>
    <ClCompile Include="src\Camera.cpp">
      <Filter>src</Filter>
    </ClCompile>
    <ClCompile Include="src\Shader.cpp">
      <Filter>src</Filter>
    </ClCompile>
  </ItemGroup>
  <ItemGroup>
    <ClInclude Include="src\Shader.h">
      <Filter>src</Filter>
    </ClInclude>
    <ClInclude Include="src\Camera.h">
      <Filter>src</Filter>
    </ClInclude>
    <ClInclude Include="src\glad\glad.h">
      <Filter>glad</Filter>
    </ClInclude>
    <ClInclude Include="src\glad\khrplatform.h">
      <Filter>glad</Filter>
    </ClInclude>
  </ItemGroup>
  <ItemGroup>
    <None Include="glsl\fragmentSource.frag">
      <Filter>glsl</Filter>
    </None>
    <None Include="glsl\vertexSource.vert">
      <Filter>glsl</Filter>
    </None>
  </ItemGroup>
</Project>