<?xml version="1.0" encoding="utf-8"?>
<Project ToolsVersion="4.0" xmlns="http://schemas.microsoft.com/developer/msbuild/2003">
  <ItemGroup>
    <Filter Include="Camera">
      <UniqueIdentifier>{703ce456-bee1-4748-ab44-42be6653d26a}</UniqueIdentifier>
    </Filter>
    <Filter Include="Glad">
      <UniqueIdentifier>{69b7a832-532e-45ec-95f6-e924beb45573}</UniqueIdentifier>
    </Filter>
    <Filter Include="Shader">
      <UniqueIdentifier>{c8678212-2244-4330-bf2d-437fc0793f98}</UniqueIdentifier>
    </Filter>
    <Filter Include="Utility">
      <UniqueIdentifier>{f05c5fbd-dbde-4388-86ff-637018b7ece1}</UniqueIdentifier>
    </Filter>
    <Filter Include="GlobalData">
      <UniqueIdentifier>{213cb960-009b-4190-bfc6-82c3e37d15b8}</UniqueIdentifier>
    </Filter>
  </ItemGroup>
  <ItemGroup>
    <ClCompile Include="src\Camera\Camera.cpp">
      <Filter>Camera</Filter>
    </ClCompile>
    <ClCompile Include="src\Glad\Glad.cpp">
      <Filter>Glad</Filter>
    </ClCompile>
    <ClCompile Include="src\Shader\Shader.cpp">
      <Filter>Shader</Filter>
    </ClCompile>
  </ItemGroup>
  <ItemGroup>
    <ClInclude Include="src\Camera\Camera.h">
      <Filter>Camera</Filter>
    </ClInclude>
    <ClInclude Include="src\Glad\Glad.h">
      <Filter>Glad</Filter>
    </ClInclude>
    <ClInclude Include="src\Glad\Khrplatform.h">
      <Filter>Glad</Filter>
    </ClInclude>
    <ClInclude Include="src\GlobalData\Data.hpp">
      <Filter>GlobalData</Filter>
    </ClInclude>
    <ClInclude Include="src\Utility\Util.hpp">
      <Filter>Utility</Filter>
    </ClInclude>
    <ClInclude Include="src\Shader\Shader.h">
      <Filter>Shader</Filter>
    </ClInclude>
  </ItemGroup>
</Project>