<?xml version="1.0" encoding="utf-8"?>
<Project ToolsVersion="4.0" xmlns="http://schemas.microsoft.com/developer/msbuild/2003">
  <ItemGroup>
    <Filter Include="src">
      <UniqueIdentifier>{7678cd12-43e3-43de-85c3-c308719dbaf8}</UniqueIdentifier>
    </Filter>
    <Filter Include="src\Camera">
      <UniqueIdentifier>{703ce456-bee1-4748-ab44-42be6653d26a}</UniqueIdentifier>
    </Filter>
    <Filter Include="src\Glad">
      <UniqueIdentifier>{69b7a832-532e-45ec-95f6-e924beb45573}</UniqueIdentifier>
    </Filter>
    <Filter Include="src\GlobalData">
      <UniqueIdentifier>{213cb960-009b-4190-bfc6-82c3e37d15b8}</UniqueIdentifier>
    </Filter>
    <Filter Include="src\Shader">
      <UniqueIdentifier>{c8678212-2244-4330-bf2d-437fc0793f98}</UniqueIdentifier>
    </Filter>
    <Filter Include="src\Object">
      <UniqueIdentifier>{990316a6-ccff-4172-a10c-6278206510db}</UniqueIdentifier>
    </Filter>
    <Filter Include="src\Texture">
      <UniqueIdentifier>{06163b59-0141-438d-b36f-778fdcd5fa56}</UniqueIdentifier>
    </Filter>
    <Filter Include="src\Vertex">
      <UniqueIdentifier>{5ceedab7-7713-48e0-a4d3-af18e081f49a}</UniqueIdentifier>
    </Filter>
    <Filter Include="src\Material">
      <UniqueIdentifier>{43853b11-e897-4f0c-8e93-5fb6fa778f7c}</UniqueIdentifier>
    </Filter>
    <Filter Include="src\FrameBuffer">
      <UniqueIdentifier>{ef1f81f4-2a12-478c-8dec-3199bc318fe5}</UniqueIdentifier>
    </Filter>
  </ItemGroup>
  <ItemGroup>
    <ClCompile Include="src\Camera\Camera.cpp">
      <Filter>src\Camera</Filter>
    </ClCompile>
    <ClCompile Include="src\Glad\Glad.cpp">
      <Filter>src\Glad</Filter>
    </ClCompile>
    <ClCompile Include="src\Shader\Shader.cpp">
      <Filter>src\Shader</Filter>
    </ClCompile>
    <ClCompile Include="src\Texture\Texture.cpp">
      <Filter>src\Texture</Filter>
    </ClCompile>
    <ClCompile Include="src\Object\Object.cpp">
      <Filter>src\Object</Filter>
    </ClCompile>
    <ClCompile Include="src\FrameBuffer\FrameBuffer.cpp">
      <Filter>src\FrameBuffer</Filter>
    </ClCompile>
    <ClCompile Include="src\FrameBuffer\GBuffer.cpp">
      <Filter>src\FrameBuffer</Filter>
    </ClCompile>
  </ItemGroup>
  <ItemGroup>
    <ClInclude Include="src\Camera\Camera.h">
      <Filter>src\Camera</Filter>
    </ClInclude>
    <ClInclude Include="src\Glad\Glad.h">
      <Filter>src\Glad</Filter>
    </ClInclude>
    <ClInclude Include="src\Glad\Khrplatform.h">
      <Filter>src\Glad</Filter>
    </ClInclude>
    <ClInclude Include="src\GlobalData\Cube.h">
      <Filter>src\GlobalData</Filter>
    </ClInclude>
    <ClInclude Include="src\GlobalData\Plane.h">
      <Filter>src\GlobalData</Filter>
    </ClInclude>
    <ClInclude Include="src\Shader\Shader.h">
      <Filter>src\Shader</Filter>
    </ClInclude>
    <ClInclude Include="src\GlobalData\Light.h">
      <Filter>src\GlobalData</Filter>
    </ClInclude>
    <ClInclude Include="src\GlobalData\Quad.h">
      <Filter>src\GlobalData</Filter>
    </ClInclude>
    <ClInclude Include="src\GlobalData\TransparentWindow.h">
      <Filter>src\GlobalData</Filter>
    </ClInclude>
    <ClInclude Include="src\Texture\Texture.h">
      <Filter>src\Texture</Filter>
    </ClInclude>
    <ClInclude Include="src\Object\Object.h">
      <Filter>src\Object</Filter>
    </ClInclude>
    <ClInclude Include="src\Vertex\VertexData.hpp">
      <Filter>src\Vertex</Filter>
    </ClInclude>
    <ClInclude Include="src\Material\Material.h">
      <Filter>src\Material</Filter>
    </ClInclude>
    <ClInclude Include="src\FrameBuffer\FrameBuffer.h">
      <Filter>src\FrameBuffer</Filter>
    </ClInclude>
    <ClInclude Include="src\FrameBuffer\GBuffer.h">
      <Filter>src\FrameBuffer</Filter>
    </ClInclude>
  </ItemGroup>
</Project>