<?xml version="1.0" encoding="utf-8"?>
<Project ToolsVersion="4.0" xmlns="http://schemas.microsoft.com/developer/msbuild/2003">
  <ItemGroup>
    <ClCompile Include="src\Main.cpp">
      <Filter>src</Filter>
    </ClCompile>
  </ItemGroup>
  <ItemGroup>
    <None Include="glsl\general.frag">
      <Filter>glsl</Filter>
    </None>
    <None Include="glsl\general.vert">
      <Filter>glsl</Filter>
    </None>
  </ItemGroup>
  <ItemGroup>
    <Filter Include="glsl">
      <UniqueIdentifier>{f1fa0651-14f0-49cf-a22d-53622b3f57e2}</UniqueIdentifier>
    </Filter>
    <Filter Include="src">
      <UniqueIdentifier>{019bbf11-20f5-4fc1-9ceb-9322eb5e5202}</UniqueIdentifier>
    </Filter>
  </ItemGroup>
</Project>